// !$*UTF8*$!
{
	archiveVersion = 1;
	classes = {
	};
	objectVersion = 46;
	objects = {

/* Begin PBXBuildFile section */
		9813F3DF1C86407900E1A305 /* libHalf.12.dylib in Frameworks */ = {isa = PBXBuildFile; fileRef = 9813F3DE1C86407900E1A305 /* libHalf.12.dylib */; };
		9813F3E11C8640BA00E1A305 /* libIlmImf-2_2.22.dylib in Frameworks */ = {isa = PBXBuildFile; fileRef = 9813F3E01C8640BA00E1A305 /* libIlmImf-2_2.22.dylib */; };
		9813F4041C86487A00E1A305 /* Camera.cc in Sources */ = {isa = PBXBuildFile; fileRef = 9813F4031C86487A00E1A305 /* Camera.cc */; };
		9813F4101C8648B300E1A305 /* Intersection.cc in Sources */ = {isa = PBXBuildFile; fileRef = 9813F4061C8648B300E1A305 /* Intersection.cc */; };
		9813F4121C8648B300E1A305 /* Material.cc in Sources */ = {isa = PBXBuildFile; fileRef = 9813F40A1C8648B300E1A305 /* Material.cc */; };
		9813F4131C8648B300E1A305 /* obj_file_parser.cc in Sources */ = {isa = PBXBuildFile; fileRef = 9813F40C1C8648B300E1A305 /* obj_file_parser.cc */; };
		9813F4141C8648B300E1A305 /* Plane.cc in Sources */ = {isa = PBXBuildFile; fileRef = 9813F40D1C8648B300E1A305 /* Plane.cc */; };
		9813F4151C8648B300E1A305 /* Point.cc in Sources */ = {isa = PBXBuildFile; fileRef = 9813F40F1C8648B300E1A305 /* Point.cc */; };
		9813F4201C8648BF00E1A305 /* readscene.cc in Sources */ = {isa = PBXBuildFile; fileRef = 9813F4181C8648BF00E1A305 /* readscene.cc */; };
		9813F4211C8648BF00E1A305 /* Sphere.cc in Sources */ = {isa = PBXBuildFile; fileRef = 9813F4191C8648BF00E1A305 /* Sphere.cc */; };
		9813F4221C8648BF00E1A305 /* Triangle.cc in Sources */ = {isa = PBXBuildFile; fileRef = 9813F41C1C8648BF00E1A305 /* Triangle.cc */; };
		9813F4231C8648BF00E1A305 /* Vector.cc in Sources */ = {isa = PBXBuildFile; fileRef = 9813F41E1C8648BF00E1A305 /* Vector.cc */; };
		9813F4251C86494300E1A305 /* main.cc in Sources */ = {isa = PBXBuildFile; fileRef = 9813F4241C86494300E1A305 /* main.cc */; };
/* End PBXBuildFile section */

/* Begin PBXCopyFilesBuildPhase section */
		9813F3D21C86404900E1A305 /* CopyFiles */ = {
			isa = PBXCopyFilesBuildPhase;
			buildActionMask = 2147483647;
			dstPath = /usr/share/man/man1/;
			dstSubfolderSpec = 0;
			files = (
			);
			runOnlyForDeploymentPostprocessing = 1;
		};
/* End PBXCopyFilesBuildPhase section */

/* Begin PBXFileReference section */
		9813F3D41C86404900E1A305 /* Raytra */ = {isa = PBXFileReference; explicitFileType = "compiled.mach-o.executable"; includeInIndex = 0; path = Raytra; sourceTree = BUILT_PRODUCTS_DIR; };
		9813F3DE1C86407900E1A305 /* libHalf.12.dylib */ = {isa = PBXFileReference; lastKnownFileType = "compiled.mach-o.dylib"; name = libHalf.12.dylib; path = ../../../../../usr/local/lib/libHalf.12.dylib; sourceTree = "<group>"; };
		9813F3E01C8640BA00E1A305 /* libIlmImf-2_2.22.dylib */ = {isa = PBXFileReference; lastKnownFileType = "compiled.mach-o.dylib"; name = "libIlmImf-2_2.22.dylib"; path = "../../../../../usr/local/lib/libIlmImf-2_2.22.dylib"; sourceTree = "<group>"; };
		9813F4031C86487A00E1A305 /* Camera.cc */ = {isa = PBXFileReference; fileEncoding = 4; lastKnownFileType = sourcecode.cpp.cpp; path = Camera.cc; sourceTree = "<group>"; };
		9813F4051C8648B300E1A305 /* Camera.h */ = {isa = PBXFileReference; fileEncoding = 4; lastKnownFileType = sourcecode.c.h; path = Camera.h; sourceTree = "<group>"; };
		9813F4061C8648B300E1A305 /* Intersection.cc */ = {isa = PBXFileReference; fileEncoding = 4; lastKnownFileType = sourcecode.cpp.cpp; path = Intersection.cc; sourceTree = "<group>"; };
		9813F4071C8648B300E1A305 /* Intersection.h */ = {isa = PBXFileReference; fileEncoding = 4; lastKnownFileType = sourcecode.c.h; path = Intersection.h; sourceTree = "<group>"; };
		9813F4081C8648B300E1A305 /* Light.h */ = {isa = PBXFileReference; fileEncoding = 4; lastKnownFileType = sourcecode.c.h; path = Light.h; sourceTree = "<group>"; };
		9813F40A1C8648B300E1A305 /* Material.cc */ = {isa = PBXFileReference; fileEncoding = 4; lastKnownFileType = sourcecode.cpp.cpp; path = Material.cc; sourceTree = "<group>"; };
		9813F40B1C8648B300E1A305 /* Material.h */ = {isa = PBXFileReference; fileEncoding = 4; lastKnownFileType = sourcecode.c.h; path = Material.h; sourceTree = "<group>"; };
		9813F40C1C8648B300E1A305 /* obj_file_parser.cc */ = {isa = PBXFileReference; fileEncoding = 4; lastKnownFileType = sourcecode.cpp.cpp; path = obj_file_parser.cc; sourceTree = "<group>"; };
		9813F40D1C8648B300E1A305 /* Plane.cc */ = {isa = PBXFileReference; fileEncoding = 4; lastKnownFileType = sourcecode.cpp.cpp; path = Plane.cc; sourceTree = "<group>"; };
		9813F40E1C8648B300E1A305 /* Plane.h */ = {isa = PBXFileReference; fileEncoding = 4; lastKnownFileType = sourcecode.c.h; path = Plane.h; sourceTree = "<group>"; };
		9813F40F1C8648B300E1A305 /* Point.cc */ = {isa = PBXFileReference; fileEncoding = 4; lastKnownFileType = sourcecode.cpp.cpp; path = Point.cc; sourceTree = "<group>"; };
		9813F4161C8648BF00E1A305 /* Point.h */ = {isa = PBXFileReference; fileEncoding = 4; lastKnownFileType = sourcecode.c.h; path = Point.h; sourceTree = "<group>"; };
		9813F4171C8648BF00E1A305 /* Ray.h */ = {isa = PBXFileReference; fileEncoding = 4; lastKnownFileType = sourcecode.c.h; path = Ray.h; sourceTree = "<group>"; };
		9813F4181C8648BF00E1A305 /* readscene.cc */ = {isa = PBXFileReference; fileEncoding = 4; lastKnownFileType = sourcecode.cpp.cpp; path = readscene.cc; sourceTree = "<group>"; };
		9813F4191C8648BF00E1A305 /* Sphere.cc */ = {isa = PBXFileReference; fileEncoding = 4; lastKnownFileType = sourcecode.cpp.cpp; path = Sphere.cc; sourceTree = "<group>"; };
		9813F41A1C8648BF00E1A305 /* Sphere.h */ = {isa = PBXFileReference; fileEncoding = 4; lastKnownFileType = sourcecode.c.h; path = Sphere.h; sourceTree = "<group>"; };
		9813F41B1C8648BF00E1A305 /* Surface.h */ = {isa = PBXFileReference; fileEncoding = 4; lastKnownFileType = sourcecode.c.h; path = Surface.h; sourceTree = "<group>"; };
		9813F41C1C8648BF00E1A305 /* Triangle.cc */ = {isa = PBXFileReference; fileEncoding = 4; lastKnownFileType = sourcecode.cpp.cpp; path = Triangle.cc; sourceTree = "<group>"; };
		9813F41D1C8648BF00E1A305 /* Triangle.h */ = {isa = PBXFileReference; fileEncoding = 4; lastKnownFileType = sourcecode.c.h; path = Triangle.h; sourceTree = "<group>"; };
		9813F41E1C8648BF00E1A305 /* Vector.cc */ = {isa = PBXFileReference; fileEncoding = 4; lastKnownFileType = sourcecode.cpp.cpp; path = Vector.cc; sourceTree = "<group>"; };
		9813F41F1C8648BF00E1A305 /* Vector.h */ = {isa = PBXFileReference; fileEncoding = 4; lastKnownFileType = sourcecode.c.h; path = Vector.h; sourceTree = "<group>"; };
		9813F4241C86494300E1A305 /* main.cc */ = {isa = PBXFileReference; fileEncoding = 4; lastKnownFileType = sourcecode.cpp.cpp; path = main.cc; sourceTree = "<group>"; };
/* End PBXFileReference section */

/* Begin PBXFrameworksBuildPhase section */
		9813F3D11C86404900E1A305 /* Frameworks */ = {
			isa = PBXFrameworksBuildPhase;
			buildActionMask = 2147483647;
			files = (
				9813F3DF1C86407900E1A305 /* libHalf.12.dylib in Frameworks */,
				9813F3E11C8640BA00E1A305 /* libIlmImf-2_2.22.dylib in Frameworks */,
			);
			runOnlyForDeploymentPostprocessing = 0;
		};
/* End PBXFrameworksBuildPhase section */

/* Begin PBXGroup section */
		9813F3CB1C86404900E1A305 = {
			isa = PBXGroup;
			children = (
				9813F3E01C8640BA00E1A305 /* libIlmImf-2_2.22.dylib */,
				9813F3DE1C86407900E1A305 /* libHalf.12.dylib */,
				9813F3D61C86404900E1A305 /* Raytra */,
				9813F3D51C86404900E1A305 /* Products */,
			);
			sourceTree = "<group>";
		};
		9813F3D51C86404900E1A305 /* Products */ = {
			isa = PBXGroup;
			children = (
				9813F3D41C86404900E1A305 /* Raytra */,
			);
			name = Products;
			sourceTree = "<group>";
		};
		9813F3D61C86404900E1A305 /* Raytra */ = {
			isa = PBXGroup;
			children = (
				9813F4241C86494300E1A305 /* main.cc */,
				9813F4181C8648BF00E1A305 /* readscene.cc */,
				9813F40C1C8648B300E1A305 /* obj_file_parser.cc */,
				9813F4051C8648B300E1A305 /* Camera.h */,
				9813F4031C86487A00E1A305 /* Camera.cc */,
				9813F4081C8648B300E1A305 /* Light.h */,
				9813F4071C8648B300E1A305 /* Intersection.h */,
				9813F4061C8648B300E1A305 /* Intersection.cc */,
				9813F40B1C8648B300E1A305 /* Material.h */,
				9813F40A1C8648B300E1A305 /* Material.cc */,
				9813F4161C8648BF00E1A305 /* Point.h */,
				9813F40F1C8648B300E1A305 /* Point.cc */,
				9813F41F1C8648BF00E1A305 /* Vector.h */,
				9813F41E1C8648BF00E1A305 /* Vector.cc */,
				9813F4171C8648BF00E1A305 /* Ray.h */,
				9813F41B1C8648BF00E1A305 /* Surface.h */,
				9813F41A1C8648BF00E1A305 /* Sphere.h */,
				9813F4191C8648BF00E1A305 /* Sphere.cc */,
				9813F41C1C8648BF00E1A305 /* Triangle.cc */,
				9813F41D1C8648BF00E1A305 /* Triangle.h */,
				9813F40D1C8648B300E1A305 /* Plane.cc */,
				9813F40E1C8648B300E1A305 /* Plane.h */,
			);
			path = Raytra;
			sourceTree = "<group>";
		};
/* End PBXGroup section */

/* Begin PBXNativeTarget section */
		9813F3D31C86404900E1A305 /* Raytra */ = {
			isa = PBXNativeTarget;
			buildConfigurationList = 9813F3DB1C86404900E1A305 /* Build configuration list for PBXNativeTarget "Raytra" */;
			buildPhases = (
				9813F3D01C86404900E1A305 /* Sources */,
				9813F3D11C86404900E1A305 /* Frameworks */,
				9813F3D21C86404900E1A305 /* CopyFiles */,
			);
			buildRules = (
			);
			dependencies = (
			);
			name = Raytra;
			productName = Raytra;
			productReference = 9813F3D41C86404900E1A305 /* Raytra */;
			productType = "com.apple.product-type.tool";
		};
/* End PBXNativeTarget section */

/* Begin PBXProject section */
		9813F3CC1C86404900E1A305 /* Project object */ = {
			isa = PBXProject;
			attributes = {
				LastUpgradeCheck = 0720;
				ORGANIZATIONNAME = "Wang Qi";
				TargetAttributes = {
					9813F3D31C86404900E1A305 = {
						CreatedOnToolsVersion = 7.2.1;
					};
				};
			};
			buildConfigurationList = 9813F3CF1C86404900E1A305 /* Build configuration list for PBXProject "Raytra" */;
			compatibilityVersion = "Xcode 3.2";
			developmentRegion = English;
			hasScannedForEncodings = 0;
			knownRegions = (
				en,
			);
			mainGroup = 9813F3CB1C86404900E1A305;
			productRefGroup = 9813F3D51C86404900E1A305 /* Products */;
			projectDirPath = "";
			projectRoot = "";
			targets = (
				9813F3D31C86404900E1A305 /* Raytra */,
			);
		};
/* End PBXProject section */

/* Begin PBXSourcesBuildPhase section */
		9813F3D01C86404900E1A305 /* Sources */ = {
			isa = PBXSourcesBuildPhase;
			buildActionMask = 2147483647;
			files = (
				9813F4131C8648B300E1A305 /* obj_file_parser.cc in Sources */,
				9813F4121C8648B300E1A305 /* Material.cc in Sources */,
				9813F4251C86494300E1A305 /* main.cc in Sources */,
				9813F4141C8648B300E1A305 /* Plane.cc in Sources */,
				9813F4101C8648B300E1A305 /* Intersection.cc in Sources */,
				9813F4151C8648B300E1A305 /* Point.cc in Sources */,
				9813F4201C8648BF00E1A305 /* readscene.cc in Sources */,
				9813F4231C8648BF00E1A305 /* Vector.cc in Sources */,
				9813F4211C8648BF00E1A305 /* Sphere.cc in Sources */,
				9813F4041C86487A00E1A305 /* Camera.cc in Sources */,
				9813F4221C8648BF00E1A305 /* Triangle.cc in Sources */,
			);
			runOnlyForDeploymentPostprocessing = 0;
		};
/* End PBXSourcesBuildPhase section */

/* Begin XCBuildConfiguration section */
		9813F3D91C86404900E1A305 /* Debug */ = {
			isa = XCBuildConfiguration;
			buildSettings = {
				ALWAYS_SEARCH_USER_PATHS = NO;
				CLANG_CXX_LANGUAGE_STANDARD = "gnu++0x";
				CLANG_CXX_LIBRARY = "libc++";
				CLANG_ENABLE_MODULES = YES;
				CLANG_ENABLE_OBJC_ARC = YES;
				CLANG_WARN_BOOL_CONVERSION = YES;
				CLANG_WARN_CONSTANT_CONVERSION = YES;
				CLANG_WARN_DIRECT_OBJC_ISA_USAGE = YES_ERROR;
				CLANG_WARN_EMPTY_BODY = YES;
				CLANG_WARN_ENUM_CONVERSION = YES;
				CLANG_WARN_INT_CONVERSION = YES;
				CLANG_WARN_OBJC_ROOT_CLASS = YES_ERROR;
				CLANG_WARN_UNREACHABLE_CODE = YES;
				CLANG_WARN__DUPLICATE_METHOD_MATCH = YES;
				CODE_SIGN_IDENTITY = "-";
				COPY_PHASE_STRIP = NO;
				DEBUG_INFORMATION_FORMAT = dwarf;
				ENABLE_STRICT_OBJC_MSGSEND = YES;
				ENABLE_TESTABILITY = YES;
				GCC_C_LANGUAGE_STANDARD = gnu99;
				GCC_DYNAMIC_NO_PIC = NO;
				GCC_NO_COMMON_BLOCKS = YES;
				GCC_OPTIMIZATION_LEVEL = 0;
				GCC_PREPROCESSOR_DEFINITIONS = (
					"DEBUG=1",
					"$(inherited)",
				);
				GCC_WARN_64_TO_32_BIT_CONVERSION = YES;
				GCC_WARN_ABOUT_RETURN_TYPE = YES_ERROR;
				GCC_WARN_UNDECLARED_SELECTOR = YES;
				GCC_WARN_UNINITIALIZED_AUTOS = YES_AGGRESSIVE;
				GCC_WARN_UNUSED_FUNCTION = YES;
				GCC_WARN_UNUSED_VARIABLE = YES;
				MACOSX_DEPLOYMENT_TARGET = 10.11;
				MTL_ENABLE_DEBUG_INFO = YES;
				ONLY_ACTIVE_ARCH = YES;
				SDKROOT = macosx;
			};
			name = Debug;
		};
		9813F3DA1C86404900E1A305 /* Release */ = {
			isa = XCBuildConfiguration;
			buildSettings = {
				ALWAYS_SEARCH_USER_PATHS = NO;
				CLANG_CXX_LANGUAGE_STANDARD = "gnu++0x";
				CLANG_CXX_LIBRARY = "libc++";
				CLANG_ENABLE_MODULES = YES;
				CLANG_ENABLE_OBJC_ARC = YES;
				CLANG_WARN_BOOL_CONVERSION = YES;
				CLANG_WARN_CONSTANT_CONVERSION = YES;
				CLANG_WARN_DIRECT_OBJC_ISA_USAGE = YES_ERROR;
				CLANG_WARN_EMPTY_BODY = YES;
				CLANG_WARN_ENUM_CONVERSION = YES;
				CLANG_WARN_INT_CONVERSION = YES;
				CLANG_WARN_OBJC_ROOT_CLASS = YES_ERROR;
				CLANG_WARN_UNREACHABLE_CODE = YES;
				CLANG_WARN__DUPLICATE_METHOD_MATCH = YES;
				CODE_SIGN_IDENTITY = "-";
				COPY_PHASE_STRIP = NO;
				DEBUG_INFORMATION_FORMAT = "dwarf-with-dsym";
				ENABLE_NS_ASSERTIONS = NO;
				ENABLE_STRICT_OBJC_MSGSEND = YES;
				GCC_C_LANGUAGE_STANDARD = gnu99;
				GCC_NO_COMMON_BLOCKS = YES;
				GCC_WARN_64_TO_32_BIT_CONVERSION = YES;
				GCC_WARN_ABOUT_RETURN_TYPE = YES_ERROR;
				GCC_WARN_UNDECLARED_SELECTOR = YES;
				GCC_WARN_UNINITIALIZED_AUTOS = YES_AGGRESSIVE;
				GCC_WARN_UNUSED_FUNCTION = YES;
				GCC_WARN_UNUSED_VARIABLE = YES;
				MACOSX_DEPLOYMENT_TARGET = 10.11;
				MTL_ENABLE_DEBUG_INFO = NO;
				SDKROOT = macosx;
			};
			name = Release;
		};
		9813F3DC1C86404900E1A305 /* Debug */ = {
			isa = XCBuildConfiguration;
			buildSettings = {
				HEADER_SEARCH_PATHS = "/usr/local/include/OpenEXR/**";
				LIBRARY_SEARCH_PATHS = "/usr/local/lib/**";
				PRODUCT_NAME = "$(TARGET_NAME)";
			};
			name = Debug;
		};
		9813F3DD1C86404900E1A305 /* Release */ = {
			isa = XCBuildConfiguration;
			buildSettings = {
				HEADER_SEARCH_PATHS = "/usr/local/include/OpenEXR/**";
				LIBRARY_SEARCH_PATHS = "/usr/local/lib/**";
				PRODUCT_NAME = "$(TARGET_NAME)";
			};
			name = Release;
		};
/* End XCBuildConfiguration section */

/* Begin XCConfigurationList section */
		9813F3CF1C86404900E1A305 /* Build configuration list for PBXProject "Raytra" */ = {
			isa = XCConfigurationList;
			buildConfigurations = (
				9813F3D91C86404900E1A305 /* Debug */,
				9813F3DA1C86404900E1A305 /* Release */,
			);
			defaultConfigurationIsVisible = 0;
			defaultConfigurationName = Release;
		};
		9813F3DB1C86404900E1A305 /* Build configuration list for PBXNativeTarget "Raytra" */ = {
			isa = XCConfigurationList;
			buildConfigurations = (
				9813F3DC1C86404900E1A305 /* Debug */,
				9813F3DD1C86404900E1A305 /* Release */,
			);
			defaultConfigurationIsVisible = 0;
		};
/* End XCConfigurationList section */
	};
	rootObject = 9813F3CC1C86404900E1A305 /* Project object */;
}
