// !$*UTF8*$!
{
	archiveVersion = 1;
	classes = {
	};
	objectVersion = 46;
	objects = {

/* Begin PBXBuildFile section */
		982828551C653512008DC830 /* main.cc in Sources */ = {isa = PBXBuildFile; fileRef = 982828541C653512008DC830 /* main.cc */; };
		9828285C1C653529008DC830 /* readscene.cc in Sources */ = {isa = PBXBuildFile; fileRef = 9828285B1C653529008DC830 /* readscene.cc */; };
		9828285E1C6535CD008DC830 /* libHalf.12.dylib in Frameworks */ = {isa = PBXBuildFile; fileRef = 9828285D1C6535CD008DC830 /* libHalf.12.dylib */; };
		982828601C6535D4008DC830 /* libIlmImf-2_2.22.dylib in Frameworks */ = {isa = PBXBuildFile; fileRef = 9828285F1C6535D4008DC830 /* libIlmImf-2_2.22.dylib */; };
		984FA3EE1C703CB800C60F83 /* Plane.cc in Sources */ = {isa = PBXBuildFile; fileRef = 984FA3ED1C703CB800C60F83 /* Plane.cc */; };
		9852EBEE1C6E8F0500F8D394 /* Material.cc in Sources */ = {isa = PBXBuildFile; fileRef = 9852EBED1C6E8F0400F8D394 /* Material.cc */; };
		9852EBF11C6E975200F8D394 /* Intersection.cc in Sources */ = {isa = PBXBuildFile; fileRef = 9852EBEF1C6E975200F8D394 /* Intersection.cc */; };
		9852EBF41C6EBC6500F8D394 /* Triangle.cc in Sources */ = {isa = PBXBuildFile; fileRef = 9852EBF21C6EBC6500F8D394 /* Triangle.cc */; };
		985345D61C66600C004B04EE /* Vector.cc in Sources */ = {isa = PBXBuildFile; fileRef = 985345D41C66600C004B04EE /* Vector.cc */; };
		985345D81C6689C1004B04EE /* Point.cc in Sources */ = {isa = PBXBuildFile; fileRef = 985345D71C6689C1004B04EE /* Point.cc */; };
		986DD94D1C66AF2000C3C1F1 /* Sphere.cc in Sources */ = {isa = PBXBuildFile; fileRef = 986DD94B1C66AF2000C3C1F1 /* Sphere.cc */; };
		986DD94F1C66F77900C3C1F1 /* Camera.cc in Sources */ = {isa = PBXBuildFile; fileRef = 986DD94E1C66F77900C3C1F1 /* Camera.cc */; };
		98ECF7AD1C8118E700EB4EA3 /* obj_file_parser.cc in Sources */ = {isa = PBXBuildFile; fileRef = 98ECF7AC1C8118E700EB4EA3 /* obj_file_parser.cc */; };
/* End PBXBuildFile section */

/* Begin PBXCopyFilesBuildPhase section */
		9828284F1C653512008DC830 /* CopyFiles */ = {
			isa = PBXCopyFilesBuildPhase;
			buildActionMask = 2147483647;
			dstPath = /usr/share/man/man1/;
			dstSubfolderSpec = 0;
			files = (
			);
			runOnlyForDeploymentPostprocessing = 1;
		};
/* End PBXCopyFilesBuildPhase section */

/* Begin PBXFileReference section */
		982828511C653512008DC830 /* Raytra */ = {isa = PBXFileReference; explicitFileType = "compiled.mach-o.executable"; includeInIndex = 0; path = Raytra; sourceTree = BUILT_PRODUCTS_DIR; };
		982828541C653512008DC830 /* main.cc */ = {isa = PBXFileReference; lastKnownFileType = sourcecode.cpp.cpp; path = main.cc; sourceTree = "<group>"; };
		9828285B1C653529008DC830 /* readscene.cc */ = {isa = PBXFileReference; fileEncoding = 4; lastKnownFileType = sourcecode.cpp.cpp; path = readscene.cc; sourceTree = "<group>"; };
		9828285D1C6535CD008DC830 /* libHalf.12.dylib */ = {isa = PBXFileReference; lastKnownFileType = "compiled.mach-o.dylib"; name = libHalf.12.dylib; path = ../../../../../usr/local/lib/libHalf.12.dylib; sourceTree = "<group>"; };
		9828285F1C6535D4008DC830 /* libIlmImf-2_2.22.dylib */ = {isa = PBXFileReference; lastKnownFileType = "compiled.mach-o.dylib"; name = "libIlmImf-2_2.22.dylib"; path = "../../../../../usr/local/lib/libIlmImf-2_2.22.dylib"; sourceTree = "<group>"; };
		984FA3ED1C703CB800C60F83 /* Plane.cc */ = {isa = PBXFileReference; fileEncoding = 4; lastKnownFileType = sourcecode.cpp.cpp; path = Plane.cc; sourceTree = "<group>"; };
		9852EBE41C6E709200F8D394 /* Light.h */ = {isa = PBXFileReference; fileEncoding = 4; lastKnownFileType = sourcecode.c.h; path = Light.h; sourceTree = "<group>"; };
		9852EBEB1C6E7D5B00F8D394 /* Plane.h */ = {isa = PBXFileReference; lastKnownFileType = sourcecode.c.h; path = Plane.h; sourceTree = "<group>"; };
		9852EBEC1C6E8C6600F8D394 /* Material.h */ = {isa = PBXFileReference; lastKnownFileType = sourcecode.c.h; path = Material.h; sourceTree = "<group>"; };
		9852EBED1C6E8F0400F8D394 /* Material.cc */ = {isa = PBXFileReference; fileEncoding = 4; lastKnownFileType = sourcecode.cpp.cpp; path = Material.cc; sourceTree = "<group>"; };
		9852EBEF1C6E975200F8D394 /* Intersection.cc */ = {isa = PBXFileReference; fileEncoding = 4; lastKnownFileType = sourcecode.cpp.cpp; path = Intersection.cc; sourceTree = "<group>"; };
		9852EBF01C6E975200F8D394 /* Intersection.h */ = {isa = PBXFileReference; fileEncoding = 4; lastKnownFileType = sourcecode.c.h; path = Intersection.h; sourceTree = "<group>"; };
		9852EBF21C6EBC6500F8D394 /* Triangle.cc */ = {isa = PBXFileReference; fileEncoding = 4; lastKnownFileType = sourcecode.cpp.cpp; path = Triangle.cc; sourceTree = "<group>"; };
		9852EBF31C6EBC6500F8D394 /* Triangle.h */ = {isa = PBXFileReference; fileEncoding = 4; lastKnownFileType = sourcecode.c.h; path = Triangle.h; sourceTree = "<group>"; };
		985345D01C6650B7004B04EE /* Camera.h */ = {isa = PBXFileReference; lastKnownFileType = sourcecode.c.h; path = Camera.h; sourceTree = "<group>"; };
		985345D21C6658BF004B04EE /* Vector.h */ = {isa = PBXFileReference; lastKnownFileType = sourcecode.c.h; path = Vector.h; sourceTree = "<group>"; };
		985345D31C665B80004B04EE /* Point.h */ = {isa = PBXFileReference; lastKnownFileType = sourcecode.c.h; path = Point.h; sourceTree = "<group>"; };
		985345D41C66600C004B04EE /* Vector.cc */ = {isa = PBXFileReference; fileEncoding = 4; lastKnownFileType = sourcecode.cpp.cpp; path = Vector.cc; sourceTree = "<group>"; };
		985345D71C6689C1004B04EE /* Point.cc */ = {isa = PBXFileReference; fileEncoding = 4; lastKnownFileType = sourcecode.cpp.cpp; path = Point.cc; sourceTree = "<group>"; };
		985345D91C669C69004B04EE /* Surface.h */ = {isa = PBXFileReference; lastKnownFileType = sourcecode.c.h; path = Surface.h; sourceTree = "<group>"; };
		985345DA1C66A01D004B04EE /* Sphere.h */ = {isa = PBXFileReference; lastKnownFileType = sourcecode.c.h; path = Sphere.h; sourceTree = "<group>"; };
		985345DC1C66A7AF004B04EE /* Ray.h */ = {isa = PBXFileReference; lastKnownFileType = sourcecode.c.h; path = Ray.h; sourceTree = "<group>"; };
		986DD94B1C66AF2000C3C1F1 /* Sphere.cc */ = {isa = PBXFileReference; fileEncoding = 4; lastKnownFileType = sourcecode.cpp.cpp; path = Sphere.cc; sourceTree = "<group>"; };
		986DD94E1C66F77900C3C1F1 /* Camera.cc */ = {isa = PBXFileReference; fileEncoding = 4; lastKnownFileType = sourcecode.cpp.cpp; path = Camera.cc; sourceTree = "<group>"; };
		98ECF7AC1C8118E700EB4EA3 /* obj_file_parser.cc */ = {isa = PBXFileReference; fileEncoding = 4; lastKnownFileType = sourcecode.cpp.cpp; path = obj_file_parser.cc; sourceTree = "<group>"; };
/* End PBXFileReference section */

/* Begin PBXFrameworksBuildPhase section */
		9828284E1C653512008DC830 /* Frameworks */ = {
			isa = PBXFrameworksBuildPhase;
			buildActionMask = 2147483647;
			files = (
				9828285E1C6535CD008DC830 /* libHalf.12.dylib in Frameworks */,
				982828601C6535D4008DC830 /* libIlmImf-2_2.22.dylib in Frameworks */,
			);
			runOnlyForDeploymentPostprocessing = 0;
		};
/* End PBXFrameworksBuildPhase section */

/* Begin PBXGroup section */
		982828481C653512008DC830 = {
			isa = PBXGroup;
			children = (
				9828285F1C6535D4008DC830 /* libIlmImf-2_2.22.dylib */,
				9828285D1C6535CD008DC830 /* libHalf.12.dylib */,
				982828531C653512008DC830 /* Raytra */,
				982828521C653512008DC830 /* Products */,
			);
			sourceTree = "<group>";
		};
		982828521C653512008DC830 /* Products */ = {
			isa = PBXGroup;
			children = (
				982828511C653512008DC830 /* Raytra */,
			);
			name = Products;
			sourceTree = "<group>";
		};
		982828531C653512008DC830 /* Raytra */ = {
			isa = PBXGroup;
			children = (
				982828541C653512008DC830 /* main.cc */,
				9828285B1C653529008DC830 /* readscene.cc */,
				98ECF7AC1C8118E700EB4EA3 /* obj_file_parser.cc */,
				9852EBE41C6E709200F8D394 /* Light.h */,
				985345D01C6650B7004B04EE /* Camera.h */,
				986DD94E1C66F77900C3C1F1 /* Camera.cc */,
				985345D21C6658BF004B04EE /* Vector.h */,
				985345D41C66600C004B04EE /* Vector.cc */,
				985345D31C665B80004B04EE /* Point.h */,
				985345D71C6689C1004B04EE /* Point.cc */,
				985345DC1C66A7AF004B04EE /* Ray.h */,
				9852EBF01C6E975200F8D394 /* Intersection.h */,
				9852EBEF1C6E975200F8D394 /* Intersection.cc */,
				9852EBEC1C6E8C6600F8D394 /* Material.h */,
				9852EBED1C6E8F0400F8D394 /* Material.cc */,
				985345D91C669C69004B04EE /* Surface.h */,
				9852EBEB1C6E7D5B00F8D394 /* Plane.h */,
				984FA3ED1C703CB800C60F83 /* Plane.cc */,
				9852EBF31C6EBC6500F8D394 /* Triangle.h */,
				9852EBF21C6EBC6500F8D394 /* Triangle.cc */,
				985345DA1C66A01D004B04EE /* Sphere.h */,
				986DD94B1C66AF2000C3C1F1 /* Sphere.cc */,
			);
			path = Raytra;
			sourceTree = "<group>";
		};
/* End PBXGroup section */

/* Begin PBXNativeTarget section */
		982828501C653512008DC830 /* Raytra */ = {
			isa = PBXNativeTarget;
			buildConfigurationList = 982828581C653512008DC830 /* Build configuration list for PBXNativeTarget "Raytra" */;
			buildPhases = (
				9828284D1C653512008DC830 /* Sources */,
				9828284E1C653512008DC830 /* Frameworks */,
				9828284F1C653512008DC830 /* CopyFiles */,
			);
			buildRules = (
			);
			dependencies = (
			);
			name = Raytra;
			productName = Raytra;
			productReference = 982828511C653512008DC830 /* Raytra */;
			productType = "com.apple.product-type.tool";
		};
/* End PBXNativeTarget section */

/* Begin PBXProject section */
		982828491C653512008DC830 /* Project object */ = {
			isa = PBXProject;
			attributes = {
				LastUpgradeCheck = 0720;
				ORGANIZATIONNAME = "Wang Qi";
				TargetAttributes = {
					982828501C653512008DC830 = {
						CreatedOnToolsVersion = 7.2;
					};
				};
			};
			buildConfigurationList = 9828284C1C653512008DC830 /* Build configuration list for PBXProject "Raytra" */;
			compatibilityVersion = "Xcode 3.2";
			developmentRegion = English;
			hasScannedForEncodings = 0;
			knownRegions = (
				en,
			);
			mainGroup = 982828481C653512008DC830;
			productRefGroup = 982828521C653512008DC830 /* Products */;
			projectDirPath = "";
			projectRoot = "";
			targets = (
				982828501C653512008DC830 /* Raytra */,
			);
		};
/* End PBXProject section */

/* Begin PBXSourcesBuildPhase section */
		9828284D1C653512008DC830 /* Sources */ = {
			isa = PBXSourcesBuildPhase;
			buildActionMask = 2147483647;
			files = (
				9852EBF11C6E975200F8D394 /* Intersection.cc in Sources */,
				985345D81C6689C1004B04EE /* Point.cc in Sources */,
				984FA3EE1C703CB800C60F83 /* Plane.cc in Sources */,
				9852EBEE1C6E8F0500F8D394 /* Material.cc in Sources */,
				9852EBF41C6EBC6500F8D394 /* Triangle.cc in Sources */,
				9828285C1C653529008DC830 /* readscene.cc in Sources */,
				98ECF7AD1C8118E700EB4EA3 /* obj_file_parser.cc in Sources */,
				982828551C653512008DC830 /* main.cc in Sources */,
				986DD94D1C66AF2000C3C1F1 /* Sphere.cc in Sources */,
				986DD94F1C66F77900C3C1F1 /* Camera.cc in Sources */,
				985345D61C66600C004B04EE /* Vector.cc in Sources */,
			);
			runOnlyForDeploymentPostprocessing = 0;
		};
/* End PBXSourcesBuildPhase section */

/* Begin XCBuildConfiguration section */
		982828561C653512008DC830 /* Debug */ = {
			isa = XCBuildConfiguration;
			buildSettings = {
				ALWAYS_SEARCH_USER_PATHS = NO;
				CLANG_CXX_LANGUAGE_STANDARD = "gnu++0x";
				CLANG_CXX_LIBRARY = "libc++";
				CLANG_ENABLE_MODULES = YES;
				CLANG_ENABLE_OBJC_ARC = YES;
				CLANG_WARN_BOOL_CONVERSION = YES;
				CLANG_WARN_CONSTANT_CONVERSION = YES;
				CLANG_WARN_DIRECT_OBJC_ISA_USAGE = YES_ERROR;
				CLANG_WARN_EMPTY_BODY = YES;
				CLANG_WARN_ENUM_CONVERSION = YES;
				CLANG_WARN_INT_CONVERSION = YES;
				CLANG_WARN_OBJC_ROOT_CLASS = YES_ERROR;
				CLANG_WARN_UNREACHABLE_CODE = YES;
				CLANG_WARN__DUPLICATE_METHOD_MATCH = YES;
				CODE_SIGN_IDENTITY = "-";
				COPY_PHASE_STRIP = NO;
				DEBUG_INFORMATION_FORMAT = dwarf;
				ENABLE_STRICT_OBJC_MSGSEND = YES;
				ENABLE_TESTABILITY = YES;
				GCC_C_LANGUAGE_STANDARD = gnu99;
				GCC_DYNAMIC_NO_PIC = NO;
				GCC_NO_COMMON_BLOCKS = YES;
				GCC_OPTIMIZATION_LEVEL = 0;
				GCC_PREPROCESSOR_DEFINITIONS = (
					"DEBUG=1",
					"$(inherited)",
				);
				GCC_WARN_64_TO_32_BIT_CONVERSION = YES;
				GCC_WARN_ABOUT_RETURN_TYPE = YES_ERROR;
				GCC_WARN_UNDECLARED_SELECTOR = YES;
				GCC_WARN_UNINITIALIZED_AUTOS = YES_AGGRESSIVE;
				GCC_WARN_UNUSED_FUNCTION = YES;
				GCC_WARN_UNUSED_VARIABLE = YES;
				MACOSX_DEPLOYMENT_TARGET = 10.11;
				MTL_ENABLE_DEBUG_INFO = YES;
				ONLY_ACTIVE_ARCH = YES;
				SDKROOT = macosx;
			};
			name = Debug;
		};
		982828571C653512008DC830 /* Release */ = {
			isa = XCBuildConfiguration;
			buildSettings = {
				ALWAYS_SEARCH_USER_PATHS = NO;
				CLANG_CXX_LANGUAGE_STANDARD = "gnu++0x";
				CLANG_CXX_LIBRARY = "libc++";
				CLANG_ENABLE_MODULES = YES;
				CLANG_ENABLE_OBJC_ARC = YES;
				CLANG_WARN_BOOL_CONVERSION = YES;
				CLANG_WARN_CONSTANT_CONVERSION = YES;
				CLANG_WARN_DIRECT_OBJC_ISA_USAGE = YES_ERROR;
				CLANG_WARN_EMPTY_BODY = YES;
				CLANG_WARN_ENUM_CONVERSION = YES;
				CLANG_WARN_INT_CONVERSION = YES;
				CLANG_WARN_OBJC_ROOT_CLASS = YES_ERROR;
				CLANG_WARN_UNREACHABLE_CODE = YES;
				CLANG_WARN__DUPLICATE_METHOD_MATCH = YES;
				CODE_SIGN_IDENTITY = "-";
				COPY_PHASE_STRIP = NO;
				DEBUG_INFORMATION_FORMAT = "dwarf-with-dsym";
				ENABLE_NS_ASSERTIONS = NO;
				ENABLE_STRICT_OBJC_MSGSEND = YES;
				GCC_C_LANGUAGE_STANDARD = gnu99;
				GCC_NO_COMMON_BLOCKS = YES;
				GCC_WARN_64_TO_32_BIT_CONVERSION = YES;
				GCC_WARN_ABOUT_RETURN_TYPE = YES_ERROR;
				GCC_WARN_UNDECLARED_SELECTOR = YES;
				GCC_WARN_UNINITIALIZED_AUTOS = YES_AGGRESSIVE;
				GCC_WARN_UNUSED_FUNCTION = YES;
				GCC_WARN_UNUSED_VARIABLE = YES;
				MACOSX_DEPLOYMENT_TARGET = 10.11;
				MTL_ENABLE_DEBUG_INFO = NO;
				SDKROOT = macosx;
			};
			name = Release;
		};
		982828591C653512008DC830 /* Debug */ = {
			isa = XCBuildConfiguration;
			buildSettings = {
				HEADER_SEARCH_PATHS = "/usr/local/include/OpenEXR/**";
				LIBRARY_SEARCH_PATHS = "/usr/local/lib/**";
				PRODUCT_NAME = "$(TARGET_NAME)";
			};
			name = Debug;
		};
		9828285A1C653512008DC830 /* Release */ = {
			isa = XCBuildConfiguration;
			buildSettings = {
				HEADER_SEARCH_PATHS = "/usr/local/include/OpenEXR/**";
				LIBRARY_SEARCH_PATHS = "/usr/local/lib/**";
				PRODUCT_NAME = "$(TARGET_NAME)";
			};
			name = Release;
		};
/* End XCBuildConfiguration section */

/* Begin XCConfigurationList section */
		9828284C1C653512008DC830 /* Build configuration list for PBXProject "Raytra" */ = {
			isa = XCConfigurationList;
			buildConfigurations = (
				982828561C653512008DC830 /* Debug */,
				982828571C653512008DC830 /* Release */,
			);
			defaultConfigurationIsVisible = 0;
			defaultConfigurationName = Release;
		};
		982828581C653512008DC830 /* Build configuration list for PBXNativeTarget "Raytra" */ = {
			isa = XCConfigurationList;
			buildConfigurations = (
				982828591C653512008DC830 /* Debug */,
				9828285A1C653512008DC830 /* Release */,
			);
			defaultConfigurationIsVisible = 0;
			defaultConfigurationName = Release;
		};
/* End XCConfigurationList section */
	};
	rootObject = 982828491C653512008DC830 /* Project object */;
}
